
Microsoft Visual Studio Solution File, Format Version 12.00
# Visual Studio Version 17
VisualStudioVersion = 17.10.34928.147
MinimumVisualStudioVersion = 10.0.40219.1
Project("{FAE04EC0-301F-11D3-BF4B-00C04F79EFBC}") = "AutoUpdateApp", "AutoUpdateApp\AutoUpdateApp.csproj", "{D3D2A01C-3311-4662-AC98-A9A6A96BE4FA}"
EndProject
Global
	GlobalSection(SolutionConfigurationPlatforms) = preSolution
		Debug|Any CPU = Debug|Any CPU
		Release|Any CPU = Release|Any CPU
	EndGlobalSection
	GlobalSection(ProjectConfigurationPlatforms) = postSolution
		{D3D2A01C-3311-4662-AC98-A9A6A96BE4FA}.Debug|Any CPU.ActiveCfg = Debug|Any CPU
		{D3D2A01C-3311-4662-AC98-A9A6A96BE4FA}.Debug|Any CPU.Build.0 = Debug|Any CPU
		{D3D2A01C-3311-4662-AC98-A9A6A96BE4FA}.Release|Any CPU.ActiveCfg = Release|Any CPU
		{D3D2A01C-3311-4662-AC98-A9A6A96BE4FA}.Release|Any CPU.Build.0 = Release|Any CPU
	EndGlobalSection
	GlobalSection(SolutionProperties) = preSolution
		HideSolutionNode = FALSE
	EndGlobalSection
	GlobalSection(ExtensibilityGlobals) = postSolution
		SolutionGuid = {6934DC01-17E2-4449-AA80-D03291265AF3}
	EndGlobalSection
EndGlobal
